<?xml version="1.0" encoding="utf-8"?>
<Project ToolsVersion="4.0" xmlns="http://schemas.microsoft.com/developer/msbuild/2003">
  <ItemGroup>
    <Filter Include="Source Files">
      <UniqueIdentifier>{4FC737F1-C7A5-4376-A066-2A32D752A2FF}</UniqueIdentifier>
      <Extensions>cpp;c;cc;cxx;c++;cppm;ixx;def;odl;idl;hpj;bat;asm;asmx</Extensions>
    </Filter>
    <Filter Include="Header Files">
      <UniqueIdentifier>{93995380-89BD-4b04-88EB-625FBE52EBFB}</UniqueIdentifier>
      <Extensions>h;hh;hpp;hxx;h++;hm;inl;inc;ipp;xsd</Extensions>
    </Filter>
    <Filter Include="Resource Files">
      <UniqueIdentifier>{67DA6AB6-F800-4c08-8B7A-83BB121AAD01}</UniqueIdentifier>
      <Extensions>rc;ico;cur;bmp;dlg;rc2;rct;bin;rgs;gif;jpg;jpeg;jpe;resx;tiff;tif;png;wav;mfcribbon-ms</Extensions>
    </Filter>
    <Filter Include="Shaders">
      <UniqueIdentifier>{257ce50d-4904-4a8c-925b-b495df7a85b7}</UniqueIdentifier>
    </Filter>
    <Filter Include="assets">
      <UniqueIdentifier>{2caf8f2c-223c-4fe7-bcf9-79a4cda86a53}</UniqueIdentifier>
    </Filter>
  </ItemGroup>
  <ItemGroup>
    <ClCompile Include="..\..\..\Downloads\glad (1)\src\glad.c">
      <Filter>Source Files</Filter>
    </ClCompile>
    <ClCompile Include="src\GLFWGraphicsProgram.cpp">
      <Filter>Source Files</Filter>
    </ClCompile>
    <ClCompile Include="src\main.cpp">
      <Filter>Source Files</Filter>
    </ClCompile>
    <ClCompile Include="src\Shader.cpp">
      <Filter>Source Files</Filter>
    </ClCompile>
    <ClCompile Include="src\Camera.cpp">
      <Filter>Source Files</Filter>
    </ClCompile>
    <ClCompile Include="src\Texture.cpp">
      <Filter>Source Files</Filter>
    </ClCompile>
    <ClCompile Include="src\Transform.cpp">
      <Filter>Source Files</Filter>
    </ClCompile>
    <ClCompile Include="src\Cube.cpp">
      <Filter>Source Files</Filter>
    </ClCompile>
    <ClCompile Include="src\LightCaster.cpp">
      <Filter>Source Files</Filter>
    </ClCompile>
  </ItemGroup>
  <ItemGroup>
    <ClInclude Include="include\GLFWGraphicsProgram.h">
      <Filter>Header Files</Filter>
    </ClInclude>
    <ClInclude Include="include\Shader.h">
      <Filter>Header Files</Filter>
    </ClInclude>
    <ClInclude Include="include\stb_image.h">
      <Filter>Header Files</Filter>
    </ClInclude>
    <ClInclude Include="include\Texture.h">
      <Filter>Header Files</Filter>
    </ClInclude>
    <ClInclude Include="include\Transform.h">
      <Filter>Header Files</Filter>
    </ClInclude>
    <ClInclude Include="include\Camera.h">
      <Filter>Header Files</Filter>
    </ClInclude>
    <ClInclude Include="include\Cube.h">
      <Filter>Header Files</Filter>
    </ClInclude>
    <ClInclude Include="include\LightCaster.h">
      <Filter>Header Files</Filter>
    </ClInclude>
  </ItemGroup>
  <ItemGroup>
    <None Include="shaders\lightingVert.glsl">
      <Filter>Shaders</Filter>
    </None>
    <None Include="shaders\lightingFrag.glsl">
      <Filter>Shaders</Filter>
    </None>
    <None Include="shaders\lampFrag.glsl">
      <Filter>Shaders</Filter>
    </None>
    <None Include="shaders\lampVert.glsl">
      <Filter>Shaders</Filter>
    </None>
    <None Include="shaders\materialVert.glsl">
      <Filter>Shaders</Filter>
    </None>
    <None Include="shaders\materialFrag.glsl">
      <Filter>Shaders</Filter>
    </None>
    <None Include="shaders\basicTextureFrag.glsl">
      <Filter>Shaders</Filter>
    </None>
    <None Include="shaders\basicTextureVert.glsl">
      <Filter>Shaders</Filter>
    </None>
    <None Include="shaders\DirectionalLightFrag.glsl">
      <Filter>Shaders</Filter>
    </None>
    <None Include="shaders\DirectionalLightVert.glsl">
      <Filter>Shaders</Filter>
    </None>
    <None Include="shaders\pointLightVert.glsl">
      <Filter>Shaders</Filter>
    </None>
    <None Include="shaders\pointLightFrag.glsl">
      <Filter>Shaders</Filter>
    </None>
  </ItemGroup>
  <ItemGroup>
    <Image Include="assets\container.jpg">
      <Filter>assets</Filter>
    </Image>
    <Image Include="assets\wall.jpg">
      <Filter>assets</Filter>
    </Image>
  </ItemGroup>
</Project>